
Microsoft Visual Studio Solution File, Format Version 12.00
# Visual Studio Version 17
VisualStudioVersion = 17.0.31903.59
MinimumVisualStudioVersion = 10.0.40219.1
Project("{2150E333-8FDC-42A3-9474-1A3956D46DE8}") = "src", "src", "{827E0CD3-B72D-47B6-A68D-7590B98EB39B}"
EndProject
Project("{FAE04EC0-301F-11D3-BF4B-00C04F79EFBC}") = "DbLoading.Domain", "src\DbLoading.Domain\DbLoading.Domain.csproj", "{43FED004-C1A7-4FB4-9057-1B1326120E5F}"
EndProject
Project("{FAE04EC0-301F-11D3-BF4B-00C04F79EFBC}") = "DbLoading.Application", "src\DbLoading.Application\DbLoading.Application.csproj", "{D801B4B8-4D07-402B-A14D-B90BF9775075}"
EndProject
Project("{FAE04EC0-301F-11D3-BF4B-00C04F79EFBC}") = "DbLoading.Infrastructure", "src\DbLoading.Infrastructure\DbLoading.Infrastructure.csproj", "{7695D4DB-96F0-4837-A303-D17B22851833}"
EndProject
Project("{FAE04EC0-301F-11D3-BF4B-00C04F79EFBC}") = "DbLoading.Server", "src\DbLoading.Server\DbLoading.Server.csproj", "{07CFB635-ED98-4DDB-B800-7911FA33F560}"
EndProject
Project("{FAE04EC0-301F-11D3-BF4B-00C04F79EFBC}") = "DbLoading.Database", "src\DbLoading.Database\DbLoading.Database.csproj", "{A1B2C3D4-E5F6-7890-ABCD-EF1234567890}"
EndProject
Project("{FAE04EC0-301F-11D3-BF4B-00C04F79EFBC}") = "DbLoading.Database.Mock", "src\DbLoading.Database.Mock\DbLoading.Database.Mock.csproj", "{B2C3D4E5-F678-90AB-CDEF-123456789012}"
EndProject
Project("{FAE04EC0-301F-11D3-BF4B-00C04F79EFBC}") = "DbLoading.Auth", "src\DbLoading.Auth\DbLoading.Auth.csproj", "{C3D4E5F6-7890-ABCD-EF12-345678901234}"
EndProject
Global
	GlobalSection(SolutionConfigurationPlatforms) = preSolution
		Debug|Any CPU = Debug|Any CPU
		Debug|x64 = Debug|x64
		Debug|x86 = Debug|x86
		Release|Any CPU = Release|Any CPU
		Release|x64 = Release|x64
		Release|x86 = Release|x86
	EndGlobalSection
	GlobalSection(ProjectConfigurationPlatforms) = postSolution
		{43FED004-C1A7-4FB4-9057-1B1326120E5F}.Debug|Any CPU.ActiveCfg = Debug|Any CPU
		{43FED004-C1A7-4FB4-9057-1B1326120E5F}.Debug|Any CPU.Build.0 = Debug|Any CPU
		{43FED004-C1A7-4FB4-9057-1B1326120E5F}.Debug|x64.ActiveCfg = Debug|Any CPU
		{43FED004-C1A7-4FB4-9057-1B1326120E5F}.Debug|x64.Build.0 = Debug|Any CPU
		{43FED004-C1A7-4FB4-9057-1B1326120E5F}.Debug|x86.ActiveCfg = Debug|Any CPU
		{43FED004-C1A7-4FB4-9057-1B1326120E5F}.Debug|x86.Build.0 = Debug|Any CPU
		{43FED004-C1A7-4FB4-9057-1B1326120E5F}.Release|Any CPU.ActiveCfg = Release|Any CPU
		{43FED004-C1A7-4FB4-9057-1B1326120E5F}.Release|Any CPU.Build.0 = Release|Any CPU
		{43FED004-C1A7-4FB4-9057-1B1326120E5F}.Release|x64.ActiveCfg = Release|Any CPU
		{43FED004-C1A7-4FB4-9057-1B1326120E5F}.Release|x64.Build.0 = Release|Any CPU
		{43FED004-C1A7-4FB4-9057-1B1326120E5F}.Release|x86.ActiveCfg = Release|Any CPU
		{43FED004-C1A7-4FB4-9057-1B1326120E5F}.Release|x86.Build.0 = Release|Any CPU
		{D801B4B8-4D07-402B-A14D-B90BF9775075}.Debug|Any CPU.ActiveCfg = Debug|Any CPU
		{D801B4B8-4D07-402B-A14D-B90BF9775075}.Debug|Any CPU.Build.0 = Debug|Any CPU
		{D801B4B8-4D07-402B-A14D-B90BF9775075}.Debug|x64.ActiveCfg = Debug|Any CPU
		{D801B4B8-4D07-402B-A14D-B90BF9775075}.Debug|x64.Build.0 = Debug|Any CPU
		{D801B4B8-4D07-402B-A14D-B90BF9775075}.Debug|x86.ActiveCfg = Debug|Any CPU
		{D801B4B8-4D07-402B-A14D-B90BF9775075}.Debug|x86.Build.0 = Debug|Any CPU
		{D801B4B8-4D07-402B-A14D-B90BF9775075}.Release|Any CPU.ActiveCfg = Release|Any CPU
		{D801B4B8-4D07-402B-A14D-B90BF9775075}.Release|Any CPU.Build.0 = Release|Any CPU
		{D801B4B8-4D07-402B-A14D-B90BF9775075}.Release|x64.ActiveCfg = Release|Any CPU
		{D801B4B8-4D07-402B-A14D-B90BF9775075}.Release|x64.Build.0 = Release|Any CPU
		{D801B4B8-4D07-402B-A14D-B90BF9775075}.Release|x86.ActiveCfg = Release|Any CPU
		{D801B4B8-4D07-402B-A14D-B90BF9775075}.Release|x86.Build.0 = Release|Any CPU
		{7695D4DB-96F0-4837-A303-D17B22851833}.Debug|Any CPU.ActiveCfg = Debug|Any CPU
		{7695D4DB-96F0-4837-A303-D17B22851833}.Debug|Any CPU.Build.0 = Debug|Any CPU
		{7695D4DB-96F0-4837-A303-D17B22851833}.Debug|x64.ActiveCfg = Debug|Any CPU
		{7695D4DB-96F0-4837-A303-D17B22851833}.Debug|x64.Build.0 = Debug|Any CPU
		{7695D4DB-96F0-4837-A303-D17B22851833}.Debug|x86.ActiveCfg = Debug|Any CPU
		{7695D4DB-96F0-4837-A303-D17B22851833}.Debug|x86.Build.0 = Debug|Any CPU
		{7695D4DB-96F0-4837-A303-D17B22851833}.Release|Any CPU.ActiveCfg = Release|Any CPU
		{7695D4DB-96F0-4837-A303-D17B22851833}.Release|Any CPU.Build.0 = Release|Any CPU
		{7695D4DB-96F0-4837-A303-D17B22851833}.Release|x64.ActiveCfg = Release|Any CPU
		{7695D4DB-96F0-4837-A303-D17B22851833}.Release|x64.Build.0 = Release|Any CPU
		{7695D4DB-96F0-4837-A303-D17B22851833}.Release|x86.ActiveCfg = Release|Any CPU
		{7695D4DB-96F0-4837-A303-D17B22851833}.Release|x86.Build.0 = Release|Any CPU
		{07CFB635-ED98-4DDB-B800-7911FA33F560}.Debug|Any CPU.ActiveCfg = Debug|Any CPU
		{07CFB635-ED98-4DDB-B800-7911FA33F560}.Debug|Any CPU.Build.0 = Debug|Any CPU
		{07CFB635-ED98-4DDB-B800-7911FA33F560}.Debug|x64.ActiveCfg = Debug|Any CPU
		{07CFB635-ED98-4DDB-B800-7911FA33F560}.Debug|x64.Build.0 = Debug|Any CPU
		{07CFB635-ED98-4DDB-B800-7911FA33F560}.Debug|x86.ActiveCfg = Debug|Any CPU
		{07CFB635-ED98-4DDB-B800-7911FA33F560}.Debug|x86.Build.0 = Debug|Any CPU
		{07CFB635-ED98-4DDB-B800-7911FA33F560}.Release|Any CPU.ActiveCfg = Release|Any CPU
		{07CFB635-ED98-4DDB-B800-7911FA33F560}.Release|Any CPU.Build.0 = Release|Any CPU
		{07CFB635-ED98-4DDB-B800-7911FA33F560}.Release|x64.ActiveCfg = Release|Any CPU
		{07CFB635-ED98-4DDB-B800-7911FA33F560}.Release|x64.Build.0 = Release|Any CPU
		{07CFB635-ED98-4DDB-B800-7911FA33F560}.Release|x86.ActiveCfg = Release|Any CPU
		{07CFB635-ED98-4DDB-B800-7911FA33F560}.Release|x86.Build.0 = Release|Any CPU
		{A1B2C3D4-E5F6-7890-ABCD-EF1234567890}.Debug|Any CPU.ActiveCfg = Debug|Any CPU
		{A1B2C3D4-E5F6-7890-ABCD-EF1234567890}.Debug|Any CPU.Build.0 = Debug|Any CPU
		{A1B2C3D4-E5F6-7890-ABCD-EF1234567890}.Debug|x64.ActiveCfg = Debug|Any CPU
		{A1B2C3D4-E5F6-7890-ABCD-EF1234567890}.Debug|x64.Build.0 = Debug|Any CPU
		{A1B2C3D4-E5F6-7890-ABCD-EF1234567890}.Debug|x86.ActiveCfg = Debug|Any CPU
		{A1B2C3D4-E5F6-7890-ABCD-EF1234567890}.Debug|x86.Build.0 = Debug|Any CPU
		{A1B2C3D4-E5F6-7890-ABCD-EF1234567890}.Release|Any CPU.ActiveCfg = Release|Any CPU
		{A1B2C3D4-E5F6-7890-ABCD-EF1234567890}.Release|Any CPU.Build.0 = Release|Any CPU
		{A1B2C3D4-E5F6-7890-ABCD-EF1234567890}.Release|x64.ActiveCfg = Release|Any CPU
		{A1B2C3D4-E5F6-7890-ABCD-EF1234567890}.Release|x64.Build.0 = Release|Any CPU
		{A1B2C3D4-E5F6-7890-ABCD-EF1234567890}.Release|x86.ActiveCfg = Release|Any CPU
		{A1B2C3D4-E5F6-7890-ABCD-EF1234567890}.Release|x86.Build.0 = Release|Any CPU
		{B2C3D4E5-F678-90AB-CDEF-123456789012}.Debug|Any CPU.ActiveCfg = Debug|Any CPU
		{B2C3D4E5-F678-90AB-CDEF-123456789012}.Debug|Any CPU.Build.0 = Debug|Any CPU
		{B2C3D4E5-F678-90AB-CDEF-123456789012}.Debug|x64.ActiveCfg = Debug|Any CPU
		{B2C3D4E5-F678-90AB-CDEF-123456789012}.Debug|x64.Build.0 = Debug|Any CPU
		{B2C3D4E5-F678-90AB-CDEF-123456789012}.Debug|x86.ActiveCfg = Debug|Any CPU
		{B2C3D4E5-F678-90AB-CDEF-123456789012}.Debug|x86.Build.0 = Debug|Any CPU
		{B2C3D4E5-F678-90AB-CDEF-123456789012}.Release|Any CPU.ActiveCfg = Release|Any CPU
		{B2C3D4E5-F678-90AB-CDEF-123456789012}.Release|Any CPU.Build.0 = Release|Any CPU
		{B2C3D4E5-F678-90AB-CDEF-123456789012}.Release|x64.ActiveCfg = Release|Any CPU
		{B2C3D4E5-F678-90AB-CDEF-123456789012}.Release|x64.Build.0 = Release|Any CPU
		{B2C3D4E5-F678-90AB-CDEF-123456789012}.Release|x86.ActiveCfg = Release|Any CPU
		{B2C3D4E5-F678-90AB-CDEF-123456789012}.Release|x86.Build.0 = Release|Any CPU
		{C3D4E5F6-7890-ABCD-EF12-345678901234}.Debug|Any CPU.ActiveCfg = Debug|Any CPU
		{C3D4E5F6-7890-ABCD-EF12-345678901234}.Debug|Any CPU.Build.0 = Debug|Any CPU
		{C3D4E5F6-7890-ABCD-EF12-345678901234}.Debug|x64.ActiveCfg = Debug|Any CPU
		{C3D4E5F6-7890-ABCD-EF12-345678901234}.Debug|x64.Build.0 = Debug|Any CPU
		{C3D4E5F6-7890-ABCD-EF12-345678901234}.Debug|x86.ActiveCfg = Debug|Any CPU
		{C3D4E5F6-7890-ABCD-EF12-345678901234}.Debug|x86.Build.0 = Debug|Any CPU
		{C3D4E5F6-7890-ABCD-EF12-345678901234}.Release|Any CPU.ActiveCfg = Release|Any CPU
		{C3D4E5F6-7890-ABCD-EF12-345678901234}.Release|Any CPU.Build.0 = Release|Any CPU
		{C3D4E5F6-7890-ABCD-EF12-345678901234}.Release|x64.ActiveCfg = Release|Any CPU
		{C3D4E5F6-7890-ABCD-EF12-345678901234}.Release|x64.Build.0 = Release|Any CPU
		{C3D4E5F6-7890-ABCD-EF12-345678901234}.Release|x86.ActiveCfg = Release|Any CPU
		{C3D4E5F6-7890-ABCD-EF12-345678901234}.Release|x86.Build.0 = Release|Any CPU
	EndGlobalSection
	GlobalSection(SolutionProperties) = preSolution
		HideSolutionNode = FALSE
	EndGlobalSection
	GlobalSection(NestedProjects) = preSolution
		{43FED004-C1A7-4FB4-9057-1B1326120E5F} = {827E0CD3-B72D-47B6-A68D-7590B98EB39B}
		{D801B4B8-4D07-402B-A14D-B90BF9775075} = {827E0CD3-B72D-47B6-A68D-7590B98EB39B}
		{7695D4DB-96F0-4837-A303-D17B22851833} = {827E0CD3-B72D-47B6-A68D-7590B98EB39B}
		{07CFB635-ED98-4DDB-B800-7911FA33F560} = {827E0CD3-B72D-47B6-A68D-7590B98EB39B}
		{A1B2C3D4-E5F6-7890-ABCD-EF1234567890} = {827E0CD3-B72D-47B6-A68D-7590B98EB39B}
		{B2C3D4E5-F678-90AB-CDEF-123456789012} = {827E0CD3-B72D-47B6-A68D-7590B98EB39B}
		{C3D4E5F6-7890-ABCD-EF12-345678901234} = {827E0CD3-B72D-47B6-A68D-7590B98EB39B}
	EndGlobalSection
EndGlobal
